{
  "version": 4,
  "terraform_version": "1.3.7",
  "serial": 240,
  "lineage": "2abeaed6-fb62-5898-a6ec-f045a96ea922",
  "outputs": {
    "external_ip_address_demo-vm": {
      "value": "158.160.54.28",
      "type": "string"
    }
  },
  "resources": [
    {
      "mode": "managed",
      "type": "local_file",
      "name": "inventory",
      "provider": "provider[\"registry.terraform.io/hashicorp/local\"]",
      "instances": [
        {
          "schema_version": 0,
          "attributes": {
            "content": "# Ansible inventory containing variable values from Terraform.\n# Generated by Terraform.\n    \n[active]\ndemo-vm.OTUS.yc ansible_host=158.160.54.28\n\n\n",
            "content_base64": null,
            "content_base64sha256": "WAGH7I6jdR+UBm4GzsEWPitxzA7I6Dms8MDeucxS3ao=",
            "content_base64sha512": "sXeX8CNifNWVlNcF9gzYgIJr4H77uFAxOtqYYwSTLtbOLXhVmtSGF2cHSFCh0rZCFAFCFiEwNafr4MYUqk3/2g==",
            "content_md5": "ffabb94f2edfd73cfcc1746f2a2b78a4",
            "content_sha1": "86c37b9a831f2be01092932648bcadf7d596e3a0",
            "content_sha256": "580187ec8ea3751f94066e06cec1163e2b71cc0ec8e839acf0c0deb9cc52ddaa",
            "content_sha512": "b17797f023627cd59594d705f60cd880826be07efbb850313ada986304932ed6ce2d78559ad4861767074850a1d2b64214014216213035a7ebe0c614aa4dffda",
            "directory_permission": "0777",
            "file_permission": "0777",
            "filename": "../ansible/inventory.yaml",
            "id": "86c37b9a831f2be01092932648bcadf7d596e3a0",
            "sensitive_content": null,
            "source": null
          },
          "sensitive_attributes": [],
          "dependencies": [
            "yandex_compute_instance.instance",
            "yandex_vpc_network.vpc",
            "yandex_vpc_subnet.subnet"
          ]
        }
      ]
    },
    {
      "mode": "managed",
      "type": "null_resource",
      "name": "ansible_nginx",
      "provider": "provider[\"registry.terraform.io/hashicorp/null\"]",
      "instances": [
        {
          "schema_version": 0,
          "attributes": {
            "id": "6720557574438996631",
            "triggers": null
          },
          "sensitive_attributes": [],
          "dependencies": [
            "local_file.inventory",
            "null_resource.wait",
            "yandex_compute_instance.instance",
            "yandex_vpc_network.vpc",
            "yandex_vpc_subnet.subnet"
          ]
        }
      ]
    },
    {
      "mode": "managed",
      "type": "null_resource",
      "name": "check_result",
      "provider": "provider[\"registry.terraform.io/hashicorp/null\"]",
      "instances": [
        {
          "schema_version": 0,
          "attributes": {
            "id": "5503745054716534598",
            "triggers": null
          },
          "sensitive_attributes": [],
          "dependencies": [
            "local_file.inventory",
            "null_resource.ansible_nginx",
            "null_resource.wait",
            "yandex_compute_instance.instance",
            "yandex_vpc_network.vpc",
            "yandex_vpc_subnet.subnet"
          ]
        }
      ]
    },
    {
      "mode": "managed",
      "type": "null_resource",
      "name": "wait",
      "provider": "provider[\"registry.terraform.io/hashicorp/null\"]",
      "instances": [
        {
          "schema_version": 0,
          "attributes": {
            "id": "2020005944959287938",
            "triggers": null
          },
          "sensitive_attributes": [],
          "dependencies": [
            "local_file.inventory",
            "yandex_compute_instance.instance",
            "yandex_vpc_network.vpc",
            "yandex_vpc_subnet.subnet"
          ]
        }
      ]
    },
    {
      "mode": "managed",
      "type": "yandex_compute_instance",
      "name": "instance",
      "provider": "provider[\"registry.terraform.io/yandex-cloud/yandex\"]",
      "instances": [
        {
          "schema_version": 1,
          "attributes": {
            "allow_recreate": null,
            "allow_stopping_for_update": null,
            "boot_disk": [
              {
                "auto_delete": true,
                "device_name": "fhmvoefusueue0eids9p",
                "disk_id": "fhmvoefusueue0eids9p",
                "initialize_params": [
                  {
                    "block_size": 4096,
                    "description": "",
                    "image_id": "fd879gb88170to70d38a",
                    "name": "",
                    "size": 10,
                    "snapshot_id": "",
                    "type": "network-ssd"
                  }
                ],
                "mode": "READ_WRITE"
              }
            ],
            "created_at": "2023-08-20T16:11:28Z",
            "description": "",
            "filesystem": [],
            "folder_id": "b1ggf0njdafu0q8tluif",
            "fqdn": "demo-vm.ru-central1.internal",
            "gpu_cluster_id": "",
            "hostname": "demo-vm",
            "id": "fhmbh6e1n7j9v5iguptr",
            "labels": null,
            "local_disk": [],
            "metadata": {
              "ssh-keys": "ubuntu:ssh-rsa AAAAB3NzaC1yc2EAAAADAQABAAABgQCg86r9ifFZP7awcLXq1RzWsu/YL9COKbWQK9Fiq6kt3JShL9FqGv1AzM3xJA4NTWD2Hwn5ujP82VZZ4ivliPvm0Qo+x4uKOn5633+Dx74tOt+3A2eR4rMY9cgyrQL/nRRyZTcdxkoAli+wy73RNd8TO39aGWMRo186myMbrEbwRQS9oLIwAE0cA28/qwYPBP62hAJG9ts6r32DzT9+yVfLn85r3NzsN2zcjhdxAez6/OwWn1uS9qhyBUWx9owTe5SHv/zYUrzSiiqjKUH7Q4L6iPkiVlS1jkBitlQGGwVp46SGhj7oei+ZmWCgq0em9NubeJacQQDo52IF0tYFQzxSGE1hkoVnRz7x3gIHAw8mzu1QV6X3LgufnJul7nTa16L2IPGOK7EZgaXSGzj8n+2ViQBKtdhne2K03cTv5XQzUz/e2jAaTXPf2J8A/TJh4aMo/LnNQjGHDE+PRie+tniKThbmUmH/lXgH3HNHO6Uyv0bSxhpHVTdu2yS8En5gGVE= vagrant@vagrant\n"
            },
            "metadata_options": [
              {
                "aws_v1_http_endpoint": 1,
                "aws_v1_http_token": 2,
                "gce_http_endpoint": 1,
                "gce_http_token": 1
              }
            ],
            "name": "demo-vm",
            "network_acceleration_type": "standard",
            "network_interface": [
              {
                "dns_record": [],
                "index": 0,
                "ip_address": "10.10.10.12",
                "ipv4": true,
                "ipv6": false,
                "ipv6_address": "",
                "ipv6_dns_record": [],
                "mac_address": "d0:0d:b8:99:c1:b9",
                "nat": true,
                "nat_dns_record": [],
                "nat_ip_address": "158.160.54.28",
                "nat_ip_version": "IPV4",
                "security_group_ids": [],
                "subnet_id": "e9bogi76e763sb38ea0p"
              }
            ],
            "placement_policy": [
              {
                "host_affinity_rules": [],
                "placement_group_id": ""
              }
            ],
            "platform_id": "standard-v3",
            "resources": [
              {
                "core_fraction": 100,
                "cores": 2,
                "gpus": 0,
                "memory": 4
              }
            ],
            "scheduling_policy": [
              {
                "preemptible": false
              }
            ],
            "secondary_disk": [],
            "service_account_id": "",
            "status": "running",
            "timeouts": null,
            "zone": "ru-central1-a"
          },
          "sensitive_attributes": [],
          "private": "eyJlMmJmYjczMC1lY2FhLTExZTYtOGY4OC0zNDM2M2JjN2M0YzAiOnsiY3JlYXRlIjozMDAwMDAwMDAwMDAsImRlbGV0ZSI6MzAwMDAwMDAwMDAwLCJ1cGRhdGUiOjMwMDAwMDAwMDAwMH0sInNjaGVtYV92ZXJzaW9uIjoiMSJ9",
          "dependencies": [
            "yandex_vpc_network.vpc",
            "yandex_vpc_subnet.subnet"
          ]
        }
      ]
    },
    {
      "mode": "managed",
      "type": "yandex_vpc_network",
      "name": "vpc",
      "provider": "provider[\"registry.terraform.io/yandex-cloud/yandex\"]",
      "instances": [
        {
          "schema_version": 0,
          "attributes": {
            "created_at": "2023-08-20T16:11:25Z",
            "default_security_group_id": "",
            "description": "",
            "folder_id": "b1ggf0njdafu0q8tluif",
            "id": "enp75dnl1bus9bee2410",
            "labels": {},
            "name": "demo_vpc",
            "subnet_ids": [],
            "timeouts": null
          },
          "sensitive_attributes": [],
          "private": "eyJlMmJmYjczMC1lY2FhLTExZTYtOGY4OC0zNDM2M2JjN2M0YzAiOnsiY3JlYXRlIjo2MDAwMDAwMDAwMCwiZGVsZXRlIjo2MDAwMDAwMDAwMCwidXBkYXRlIjo2MDAwMDAwMDAwMH19"
        }
      ]
    },
    {
      "mode": "managed",
      "type": "yandex_vpc_subnet",
      "name": "subnet",
      "provider": "provider[\"registry.terraform.io/yandex-cloud/yandex\"]",
      "instances": [
        {
          "schema_version": 0,
          "attributes": {
            "created_at": "2023-08-20T16:11:26Z",
            "description": "",
            "dhcp_options": [],
            "folder_id": "b1ggf0njdafu0q8tluif",
            "id": "e9bogi76e763sb38ea0p",
            "labels": {},
            "name": "demo_subnet",
            "network_id": "enp75dnl1bus9bee2410",
            "route_table_id": "",
            "timeouts": null,
            "v4_cidr_blocks": [
              "10.10.10.0/24"
            ],
            "v6_cidr_blocks": [],
            "zone": "ru-central1-a"
          },
          "sensitive_attributes": [],
          "private": "eyJlMmJmYjczMC1lY2FhLTExZTYtOGY4OC0zNDM2M2JjN2M0YzAiOnsiY3JlYXRlIjoxODAwMDAwMDAwMDAsImRlbGV0ZSI6MTgwMDAwMDAwMDAwLCJ1cGRhdGUiOjE4MDAwMDAwMDAwMH19",
          "dependencies": [
            "yandex_vpc_network.vpc"
          ]
        }
      ]
    }
  ],
  "check_results": null
}
