{
  "version": 4,
  "terraform_version": "1.3.7",
  "serial": 224,
  "lineage": "2abeaed6-fb62-5898-a6ec-f045a96ea922",
  "outputs": {
    "external_ip_address_demo-vm": {
      "value": "158.160.54.112",
      "type": "string"
    }
  },
  "resources": [
    {
      "mode": "managed",
      "type": "local_file",
      "name": "inventory",
      "provider": "provider[\"registry.terraform.io/hashicorp/local\"]",
      "instances": [
        {
          "schema_version": 0,
          "attributes": {
            "content": "# Ansible inventory containing variable values from Terraform.\n# Generated by Terraform.\n    \n[active]\ndemo-vm.OTUS.yc ansible_host=158.160.54.112\n\n\n",
            "content_base64": null,
            "content_base64sha256": "qAblrx4oaNXBRVPcMeEcnqoj+OtmapJoVw6f7taL26g=",
            "content_base64sha512": "0P3VRLaXvC1vd+EUv0LBag96TiOB18J2ZpJ+4xEYT1+ULZee5vH3dLhA2nGjwXGCYQeFZ7kzVh9dE/bHQnegFg==",
            "content_md5": "6e342600f44ec71666b289a41b69646d",
            "content_sha1": "905d503108e653c2408f7a010800fd6e0b7b1281",
            "content_sha256": "a806e5af1e2868d5c14553dc31e11c9eaa23f8eb666a9268570e9feed68bdba8",
            "content_sha512": "d0fdd544b697bc2d6f77e114bf42c16a0f7a4e2381d7c27666927ee311184f5f942d979ee6f1f774b840da71a3c1718261078567b933561f5d13f6c74277a016",
            "directory_permission": "0777",
            "file_permission": "0777",
            "filename": "../ansible/inventory.yaml",
            "id": "905d503108e653c2408f7a010800fd6e0b7b1281",
            "sensitive_content": null,
            "source": null
          },
          "sensitive_attributes": [],
          "dependencies": [
            "yandex_compute_instance.instance",
            "yandex_vpc_network.vpc",
            "yandex_vpc_subnet.subnet"
          ]
        }
      ]
    },
    {
      "mode": "managed",
      "type": "null_resource",
      "name": "ansible_nginx",
      "provider": "provider[\"registry.terraform.io/hashicorp/null\"]",
      "instances": [
        {
          "schema_version": 0,
          "attributes": {
            "id": "3675123297539270932",
            "triggers": null
          },
          "sensitive_attributes": [],
          "dependencies": [
            "local_file.inventory",
            "null_resource.wait",
            "yandex_compute_instance.instance",
            "yandex_vpc_network.vpc",
            "yandex_vpc_subnet.subnet"
          ]
        }
      ]
    },
    {
      "mode": "managed",
      "type": "null_resource",
      "name": "check_result",
      "provider": "provider[\"registry.terraform.io/hashicorp/null\"]",
      "instances": [
        {
          "schema_version": 0,
          "attributes": {
            "id": "8595847174314388283",
            "triggers": null
          },
          "sensitive_attributes": [],
          "dependencies": [
            "local_file.inventory",
            "null_resource.ansible_nginx",
            "null_resource.wait",
            "yandex_compute_instance.instance",
            "yandex_vpc_network.vpc",
            "yandex_vpc_subnet.subnet"
          ]
        }
      ]
    },
    {
      "mode": "managed",
      "type": "null_resource",
      "name": "wait",
      "provider": "provider[\"registry.terraform.io/hashicorp/null\"]",
      "instances": [
        {
          "schema_version": 0,
          "attributes": {
            "id": "3906603090789549954",
            "triggers": null
          },
          "sensitive_attributes": [],
          "dependencies": [
            "local_file.inventory",
            "yandex_compute_instance.instance",
            "yandex_vpc_network.vpc",
            "yandex_vpc_subnet.subnet"
          ]
        }
      ]
    },
    {
      "mode": "managed",
      "type": "yandex_compute_instance",
      "name": "instance",
      "provider": "provider[\"registry.terraform.io/yandex-cloud/yandex\"]",
      "instances": [
        {
          "schema_version": 1,
          "attributes": {
            "allow_recreate": null,
            "allow_stopping_for_update": null,
            "boot_disk": [
              {
                "auto_delete": true,
                "device_name": "fhmmcgbi6ad9op52du8j",
                "disk_id": "fhmmcgbi6ad9op52du8j",
                "initialize_params": [
                  {
                    "block_size": 4096,
                    "description": "",
                    "image_id": "fd879gb88170to70d38a",
                    "name": "",
                    "size": 10,
                    "snapshot_id": "",
                    "type": "network-ssd"
                  }
                ],
                "mode": "READ_WRITE"
              }
            ],
            "created_at": "2023-08-17T09:51:00Z",
            "description": "",
            "filesystem": [],
            "folder_id": "b1ggf0njdafu0q8tluif",
            "fqdn": "demo-vm.ru-central1.internal",
            "gpu_cluster_id": "",
            "hostname": "demo-vm",
            "id": "fhm3nllse9nrktis0rlq",
            "labels": null,
            "local_disk": [],
            "metadata": {
              "ssh-keys": "ubuntu:ssh-rsa AAAAB3NzaC1yc2EAAAADAQABAAABgQCg86r9ifFZP7awcLXq1RzWsu/YL9COKbWQK9Fiq6kt3JShL9FqGv1AzM3xJA4NTWD2Hwn5ujP82VZZ4ivliPvm0Qo+x4uKOn5633+Dx74tOt+3A2eR4rMY9cgyrQL/nRRyZTcdxkoAli+wy73RNd8TO39aGWMRo186myMbrEbwRQS9oLIwAE0cA28/qwYPBP62hAJG9ts6r32DzT9+yVfLn85r3NzsN2zcjhdxAez6/OwWn1uS9qhyBUWx9owTe5SHv/zYUrzSiiqjKUH7Q4L6iPkiVlS1jkBitlQGGwVp46SGhj7oei+ZmWCgq0em9NubeJacQQDo52IF0tYFQzxSGE1hkoVnRz7x3gIHAw8mzu1QV6X3LgufnJul7nTa16L2IPGOK7EZgaXSGzj8n+2ViQBKtdhne2K03cTv5XQzUz/e2jAaTXPf2J8A/TJh4aMo/LnNQjGHDE+PRie+tniKThbmUmH/lXgH3HNHO6Uyv0bSxhpHVTdu2yS8En5gGVE= vagrant@vagrant\n"
            },
            "metadata_options": [
              {
                "aws_v1_http_endpoint": 1,
                "aws_v1_http_token": 2,
                "gce_http_endpoint": 1,
                "gce_http_token": 1
              }
            ],
            "name": "demo-vm",
            "network_acceleration_type": "standard",
            "network_interface": [
              {
                "dns_record": [],
                "index": 0,
                "ip_address": "10.10.10.6",
                "ipv4": true,
                "ipv6": false,
                "ipv6_address": "",
                "ipv6_dns_record": [],
                "mac_address": "d0:0d:3b:d6:bc:72",
                "nat": true,
                "nat_dns_record": [],
                "nat_ip_address": "158.160.54.112",
                "nat_ip_version": "IPV4",
                "security_group_ids": [],
                "subnet_id": "e9b7bnmdlj5glq9jo9iq"
              }
            ],
            "placement_policy": [
              {
                "host_affinity_rules": [],
                "placement_group_id": ""
              }
            ],
            "platform_id": "standard-v3",
            "resources": [
              {
                "core_fraction": 100,
                "cores": 2,
                "gpus": 0,
                "memory": 4
              }
            ],
            "scheduling_policy": [
              {
                "preemptible": false
              }
            ],
            "secondary_disk": [],
            "service_account_id": "",
            "status": "running",
            "timeouts": null,
            "zone": "ru-central1-a"
          },
          "sensitive_attributes": [],
          "private": "eyJlMmJmYjczMC1lY2FhLTExZTYtOGY4OC0zNDM2M2JjN2M0YzAiOnsiY3JlYXRlIjozMDAwMDAwMDAwMDAsImRlbGV0ZSI6MzAwMDAwMDAwMDAwLCJ1cGRhdGUiOjMwMDAwMDAwMDAwMH0sInNjaGVtYV92ZXJzaW9uIjoiMSJ9",
          "dependencies": [
            "yandex_vpc_network.vpc",
            "yandex_vpc_subnet.subnet"
          ]
        }
      ]
    },
    {
      "mode": "managed",
      "type": "yandex_vpc_network",
      "name": "vpc",
      "provider": "provider[\"registry.terraform.io/yandex-cloud/yandex\"]",
      "instances": [
        {
          "schema_version": 0,
          "attributes": {
            "created_at": "2023-08-17T09:50:58Z",
            "default_security_group_id": "",
            "description": "",
            "folder_id": "b1ggf0njdafu0q8tluif",
            "id": "enpplu3044p5ab0kkp5n",
            "labels": {},
            "name": "demo_vpc",
            "subnet_ids": [],
            "timeouts": null
          },
          "sensitive_attributes": [],
          "private": "eyJlMmJmYjczMC1lY2FhLTExZTYtOGY4OC0zNDM2M2JjN2M0YzAiOnsiY3JlYXRlIjo2MDAwMDAwMDAwMCwiZGVsZXRlIjo2MDAwMDAwMDAwMCwidXBkYXRlIjo2MDAwMDAwMDAwMH19"
        }
      ]
    },
    {
      "mode": "managed",
      "type": "yandex_vpc_subnet",
      "name": "subnet",
      "provider": "provider[\"registry.terraform.io/yandex-cloud/yandex\"]",
      "instances": [
        {
          "schema_version": 0,
          "attributes": {
            "created_at": "2023-08-17T09:50:59Z",
            "description": "",
            "dhcp_options": [],
            "folder_id": "b1ggf0njdafu0q8tluif",
            "id": "e9b7bnmdlj5glq9jo9iq",
            "labels": {},
            "name": "demo_subnet",
            "network_id": "enpplu3044p5ab0kkp5n",
            "route_table_id": "",
            "timeouts": null,
            "v4_cidr_blocks": [
              "10.10.10.0/24"
            ],
            "v6_cidr_blocks": [],
            "zone": "ru-central1-a"
          },
          "sensitive_attributes": [],
          "private": "eyJlMmJmYjczMC1lY2FhLTExZTYtOGY4OC0zNDM2M2JjN2M0YzAiOnsiY3JlYXRlIjoxODAwMDAwMDAwMDAsImRlbGV0ZSI6MTgwMDAwMDAwMDAwLCJ1cGRhdGUiOjE4MDAwMDAwMDAwMH19",
          "dependencies": [
            "yandex_vpc_network.vpc"
          ]
        }
      ]
    }
  ],
  "check_results": null
}
